// !$*UTF8*$!
{
	archiveVersion = 1;
	classes = {
	};
	objectVersion = 55;
	objects = {

/* Begin PBXBuildFile section */
		6E7E8827278DC0E900D8D35A /* employeeCO.swift in Sources */ = {isa = PBXBuildFile; fileRef = 6E7E8826278DC0E900D8D35A /* employeeCO.swift */; };
		6E8809BB278C7661001297A0 /* AppDelegate.swift in Sources */ = {isa = PBXBuildFile; fileRef = 6E8809BA278C7661001297A0 /* AppDelegate.swift */; };
		6E8809BD278C7661001297A0 /* SceneDelegate.swift in Sources */ = {isa = PBXBuildFile; fileRef = 6E8809BC278C7661001297A0 /* SceneDelegate.swift */; };
		6E8809BF278C7661001297A0 /* ViewController.swift in Sources */ = {isa = PBXBuildFile; fileRef = 6E8809BE278C7661001297A0 /* ViewController.swift */; };
		6E8809C2278C7661001297A0 /* Main.storyboard in Resources */ = {isa = PBXBuildFile; fileRef = 6E8809C0278C7661001297A0 /* Main.storyboard */; };
		6E8809C5278C7661001297A0 /* lousApp.xcdatamodeld in Sources */ = {isa = PBXBuildFile; fileRef = 6E8809C3278C7661001297A0 /* lousApp.xcdatamodeld */; };
		6E8809C7278C7663001297A0 /* Assets.xcassets in Resources */ = {isa = PBXBuildFile; fileRef = 6E8809C6278C7663001297A0 /* Assets.xcassets */; };
		6E8809CA278C7663001297A0 /* LaunchScreen.storyboard in Resources */ = {isa = PBXBuildFile; fileRef = 6E8809C8278C7663001297A0 /* LaunchScreen.storyboard */; };
		6E8809D5278C7663001297A0 /* lousAppTests.swift in Sources */ = {isa = PBXBuildFile; fileRef = 6E8809D4278C7663001297A0 /* lousAppTests.swift */; };
		6E8809DF278C7663001297A0 /* lousAppUITests.swift in Sources */ = {isa = PBXBuildFile; fileRef = 6E8809DE278C7663001297A0 /* lousAppUITests.swift */; };
		6E8809E1278C7663001297A0 /* lousAppUITestsLaunchTests.swift in Sources */ = {isa = PBXBuildFile; fileRef = 6E8809E0278C7663001297A0 /* lousAppUITestsLaunchTests.swift */; };
		6E8809EE278C7A1D001297A0 /* secondViewController.swift in Sources */ = {isa = PBXBuildFile; fileRef = 6E8809ED278C7A1D001297A0 /* secondViewController.swift */; };
		6E8809F0278C7A35001297A0 /* carryOutProfileViewController.swift in Sources */ = {isa = PBXBuildFile; fileRef = 6E8809EF278C7A35001297A0 /* carryOutProfileViewController.swift */; };
/* End PBXBuildFile section */

/* Begin PBXContainerItemProxy section */
		6E8809D1278C7663001297A0 /* PBXContainerItemProxy */ = {
			isa = PBXContainerItemProxy;
			containerPortal = 6E8809AF278C7661001297A0 /* Project object */;
			proxyType = 1;
			remoteGlobalIDString = 6E8809B6278C7661001297A0;
			remoteInfo = lousApp;
		};
		6E8809DB278C7663001297A0 /* PBXContainerItemProxy */ = {
			isa = PBXContainerItemProxy;
			containerPortal = 6E8809AF278C7661001297A0 /* Project object */;
			proxyType = 1;
			remoteGlobalIDString = 6E8809B6278C7661001297A0;
			remoteInfo = lousApp;
		};
/* End PBXContainerItemProxy section */

/* Begin PBXFileReference section */
		6E7E8826278DC0E900D8D35A /* employeeCO.swift */ = {isa = PBXFileReference; lastKnownFileType = sourcecode.swift; path = employeeCO.swift; sourceTree = "<group>"; };
		6E8809B7278C7661001297A0 /* lousApp.app */ = {isa = PBXFileReference; explicitFileType = wrapper.application; includeInIndex = 0; path = lousApp.app; sourceTree = BUILT_PRODUCTS_DIR; };
		6E8809BA278C7661001297A0 /* AppDelegate.swift */ = {isa = PBXFileReference; lastKnownFileType = sourcecode.swift; path = AppDelegate.swift; sourceTree = "<group>"; };
		6E8809BC278C7661001297A0 /* SceneDelegate.swift */ = {isa = PBXFileReference; lastKnownFileType = sourcecode.swift; path = SceneDelegate.swift; sourceTree = "<group>"; };
		6E8809BE278C7661001297A0 /* ViewController.swift */ = {isa = PBXFileReference; lastKnownFileType = sourcecode.swift; path = ViewController.swift; sourceTree = "<group>"; };
		6E8809C1278C7661001297A0 /* Base */ = {isa = PBXFileReference; lastKnownFileType = file.storyboard; name = Base; path = Base.lproj/Main.storyboard; sourceTree = "<group>"; };
		6E8809C4278C7661001297A0 /* lousApp.xcdatamodel */ = {isa = PBXFileReference; lastKnownFileType = wrapper.xcdatamodel; path = lousApp.xcdatamodel; sourceTree = "<group>"; };
		6E8809C6278C7663001297A0 /* Assets.xcassets */ = {isa = PBXFileReference; lastKnownFileType = folder.assetcatalog; path = Assets.xcassets; sourceTree = "<group>"; };
		6E8809C9278C7663001297A0 /* Base */ = {isa = PBXFileReference; lastKnownFileType = file.storyboard; name = Base; path = Base.lproj/LaunchScreen.storyboard; sourceTree = "<group>"; };
		6E8809CB278C7663001297A0 /* Info.plist */ = {isa = PBXFileReference; lastKnownFileType = text.plist.xml; path = Info.plist; sourceTree = "<group>"; };
		6E8809D0278C7663001297A0 /* lousAppTests.xctest */ = {isa = PBXFileReference; explicitFileType = wrapper.cfbundle; includeInIndex = 0; path = lousAppTests.xctest; sourceTree = BUILT_PRODUCTS_DIR; };
		6E8809D4278C7663001297A0 /* lousAppTests.swift */ = {isa = PBXFileReference; lastKnownFileType = sourcecode.swift; path = lousAppTests.swift; sourceTree = "<group>"; };
		6E8809DA278C7663001297A0 /* lousAppUITests.xctest */ = {isa = PBXFileReference; explicitFileType = wrapper.cfbundle; includeInIndex = 0; path = lousAppUITests.xctest; sourceTree = BUILT_PRODUCTS_DIR; };
		6E8809DE278C7663001297A0 /* lousAppUITests.swift */ = {isa = PBXFileReference; lastKnownFileType = sourcecode.swift; path = lousAppUITests.swift; sourceTree = "<group>"; };
		6E8809E0278C7663001297A0 /* lousAppUITestsLaunchTests.swift */ = {isa = PBXFileReference; lastKnownFileType = sourcecode.swift; path = lousAppUITestsLaunchTests.swift; sourceTree = "<group>"; };
		6E8809ED278C7A1D001297A0 /* secondViewController.swift */ = {isa = PBXFileReference; lastKnownFileType = sourcecode.swift; path = secondViewController.swift; sourceTree = "<group>"; };
		6E8809EF278C7A35001297A0 /* carryOutProfileViewController.swift */ = {isa = PBXFileReference; lastKnownFileType = sourcecode.swift; path = carryOutProfileViewController.swift; sourceTree = "<group>"; };
/* End PBXFileReference section */

/* Begin PBXFrameworksBuildPhase section */
		6E8809B4278C7661001297A0 /* Frameworks */ = {
			isa = PBXFrameworksBuildPhase;
			buildActionMask = 2147483647;
			files = (
			);
			runOnlyForDeploymentPostprocessing = 0;
		};
		6E8809CD278C7663001297A0 /* Frameworks */ = {
			isa = PBXFrameworksBuildPhase;
			buildActionMask = 2147483647;
			files = (
			);
			runOnlyForDeploymentPostprocessing = 0;
		};
		6E8809D7278C7663001297A0 /* Frameworks */ = {
			isa = PBXFrameworksBuildPhase;
			buildActionMask = 2147483647;
			files = (
			);
			runOnlyForDeploymentPostprocessing = 0;
		};
/* End PBXFrameworksBuildPhase section */

/* Begin PBXGroup section */
		6E8809AE278C7661001297A0 = {
			isa = PBXGroup;
			children = (
				6E7E8826278DC0E900D8D35A /* employeeCO.swift */,
				6E8809B9278C7661001297A0 /* lousApp */,
				6E8809D3278C7663001297A0 /* lousAppTests */,
				6E8809DD278C7663001297A0 /* lousAppUITests */,
				6E8809B8278C7661001297A0 /* Products */,
			);
			sourceTree = "<group>";
		};
		6E8809B8278C7661001297A0 /* Products */ = {
			isa = PBXGroup;
			children = (
				6E8809B7278C7661001297A0 /* lousApp.app */,
				6E8809D0278C7663001297A0 /* lousAppTests.xctest */,
				6E8809DA278C7663001297A0 /* lousAppUITests.xctest */,
			);
			name = Products;
			sourceTree = "<group>";
		};
		6E8809B9278C7661001297A0 /* lousApp */ = {
			isa = PBXGroup;
			children = (
				6E8809BA278C7661001297A0 /* AppDelegate.swift */,
				6E8809BC278C7661001297A0 /* SceneDelegate.swift */,
				6E8809BE278C7661001297A0 /* ViewController.swift */,
				6E8809C0278C7661001297A0 /* Main.storyboard */,
				6E8809EF278C7A35001297A0 /* carryOutProfileViewController.swift */,
				6E8809ED278C7A1D001297A0 /* secondViewController.swift */,
				6E8809C6278C7663001297A0 /* Assets.xcassets */,
				6E8809C8278C7663001297A0 /* LaunchScreen.storyboard */,
				6E8809CB278C7663001297A0 /* Info.plist */,
				6E8809C3278C7661001297A0 /* lousApp.xcdatamodeld */,
			);
			path = lousApp;
			sourceTree = "<group>";
		};
		6E8809D3278C7663001297A0 /* lousAppTests */ = {
			isa = PBXGroup;
			children = (
				6E8809D4278C7663001297A0 /* lousAppTests.swift */,
			);
			path = lousAppTests;
			sourceTree = "<group>";
		};
		6E8809DD278C7663001297A0 /* lousAppUITests */ = {
			isa = PBXGroup;
			children = (
				6E8809DE278C7663001297A0 /* lousAppUITests.swift */,
				6E8809E0278C7663001297A0 /* lousAppUITestsLaunchTests.swift */,
			);
			path = lousAppUITests;
			sourceTree = "<group>";
		};
/* End PBXGroup section */

/* Begin PBXNativeTarget section */
		6E8809B6278C7661001297A0 /* lousApp */ = {
			isa = PBXNativeTarget;
			buildConfigurationList = 6E8809E4278C7663001297A0 /* Build configuration list for PBXNativeTarget "lousApp" */;
			buildPhases = (
				6E8809B3278C7661001297A0 /* Sources */,
				6E8809B4278C7661001297A0 /* Frameworks */,
				6E8809B5278C7661001297A0 /* Resources */,
			);
			buildRules = (
			);
			dependencies = (
			);
			name = lousApp;
			productName = lousApp;
			productReference = 6E8809B7278C7661001297A0 /* lousApp.app */;
			productType = "com.apple.product-type.application";
		};
		6E8809CF278C7663001297A0 /* lousAppTests */ = {
			isa = PBXNativeTarget;
			buildConfigurationList = 6E8809E7278C7663001297A0 /* Build configuration list for PBXNativeTarget "lousAppTests" */;
			buildPhases = (
				6E8809CC278C7663001297A0 /* Sources */,
				6E8809CD278C7663001297A0 /* Frameworks */,
				6E8809CE278C7663001297A0 /* Resources */,
			);
			buildRules = (
			);
			dependencies = (
				6E8809D2278C7663001297A0 /* PBXTargetDependency */,
			);
			name = lousAppTests;
			productName = lousAppTests;
			productReference = 6E8809D0278C7663001297A0 /* lousAppTests.xctest */;
			productType = "com.apple.product-type.bundle.unit-test";
		};
		6E8809D9278C7663001297A0 /* lousAppUITests */ = {
			isa = PBXNativeTarget;
			buildConfigurationList = 6E8809EA278C7663001297A0 /* Build configuration list for PBXNativeTarget "lousAppUITests" */;
			buildPhases = (
				6E8809D6278C7663001297A0 /* Sources */,
				6E8809D7278C7663001297A0 /* Frameworks */,
				6E8809D8278C7663001297A0 /* Resources */,
			);
			buildRules = (
			);
			dependencies = (
				6E8809DC278C7663001297A0 /* PBXTargetDependency */,
			);
			name = lousAppUITests;
			productName = lousAppUITests;
			productReference = 6E8809DA278C7663001297A0 /* lousAppUITests.xctest */;
			productType = "com.apple.product-type.bundle.ui-testing";
		};
/* End PBXNativeTarget section */

/* Begin PBXProject section */
		6E8809AF278C7661001297A0 /* Project object */ = {
			isa = PBXProject;
			attributes = {
				BuildIndependentTargetsInParallel = 1;
				LastSwiftUpdateCheck = 1300;
				LastUpgradeCheck = 1300;
				TargetAttributes = {
					6E8809B6278C7661001297A0 = {
						CreatedOnToolsVersion = 13.0;
					};
					6E8809CF278C7663001297A0 = {
						CreatedOnToolsVersion = 13.0;
						TestTargetID = 6E8809B6278C7661001297A0;
					};
					6E8809D9278C7663001297A0 = {
						CreatedOnToolsVersion = 13.0;
						TestTargetID = 6E8809B6278C7661001297A0;
					};
				};
			};
			buildConfigurationList = 6E8809B2278C7661001297A0 /* Build configuration list for PBXProject "lousApp" */;
			compatibilityVersion = "Xcode 13.0";
			developmentRegion = en;
			hasScannedForEncodings = 0;
			knownRegions = (
				en,
				Base,
			);
			mainGroup = 6E8809AE278C7661001297A0;
			productRefGroup = 6E8809B8278C7661001297A0 /* Products */;
			projectDirPath = "";
			projectRoot = "";
			targets = (
				6E8809B6278C7661001297A0 /* lousApp */,
				6E8809CF278C7663001297A0 /* lousAppTests */,
				6E8809D9278C7663001297A0 /* lousAppUITests */,
			);
		};
/* End PBXProject section */

/* Begin PBXResourcesBuildPhase section */
		6E8809B5278C7661001297A0 /* Resources */ = {
			isa = PBXResourcesBuildPhase;
			buildActionMask = 2147483647;
			files = (
				6E8809CA278C7663001297A0 /* LaunchScreen.storyboard in Resources */,
				6E8809C7278C7663001297A0 /* Assets.xcassets in Resources */,
				6E8809C2278C7661001297A0 /* Main.storyboard in Resources */,
			);
			runOnlyForDeploymentPostprocessing = 0;
		};
		6E8809CE278C7663001297A0 /* Resources */ = {
			isa = PBXResourcesBuildPhase;
			buildActionMask = 2147483647;
			files = (
			);
			runOnlyForDeploymentPostprocessing = 0;
		};
		6E8809D8278C7663001297A0 /* Resources */ = {
			isa = PBXResourcesBuildPhase;
			buildActionMask = 2147483647;
			files = (
			);
			runOnlyForDeploymentPostprocessing = 0;
		};
/* End PBXResourcesBuildPhase section */

/* Begin PBXSourcesBuildPhase section */
		6E8809B3278C7661001297A0 /* Sources */ = {
			isa = PBXSourcesBuildPhase;
			buildActionMask = 2147483647;
			files = (
				6E8809C5278C7661001297A0 /* lousApp.xcdatamodeld in Sources */,
				6E7E8827278DC0E900D8D35A /* employeeCO.swift in Sources */,
				6E8809BF278C7661001297A0 /* ViewController.swift in Sources */,
				6E8809BB278C7661001297A0 /* AppDelegate.swift in Sources */,
				6E8809F0278C7A35001297A0 /* carryOutProfileViewController.swift in Sources */,
				6E8809EE278C7A1D001297A0 /* secondViewController.swift in Sources */,
				6E8809BD278C7661001297A0 /* SceneDelegate.swift in Sources */,
			);
			runOnlyForDeploymentPostprocessing = 0;
		};
		6E8809CC278C7663001297A0 /* Sources */ = {
			isa = PBXSourcesBuildPhase;
			buildActionMask = 2147483647;
			files = (
				6E8809D5278C7663001297A0 /* lousAppTests.swift in Sources */,
			);
			runOnlyForDeploymentPostprocessing = 0;
		};
		6E8809D6278C7663001297A0 /* Sources */ = {
			isa = PBXSourcesBuildPhase;
			buildActionMask = 2147483647;
			files = (
				6E8809DF278C7663001297A0 /* lousAppUITests.swift in Sources */,
				6E8809E1278C7663001297A0 /* lousAppUITestsLaunchTests.swift in Sources */,
			);
			runOnlyForDeploymentPostprocessing = 0;
		};
/* End PBXSourcesBuildPhase section */

/* Begin PBXTargetDependency section */
		6E8809D2278C7663001297A0 /* PBXTargetDependency */ = {
			isa = PBXTargetDependency;
			target = 6E8809B6278C7661001297A0 /* lousApp */;
			targetProxy = 6E8809D1278C7663001297A0 /* PBXContainerItemProxy */;
		};
		6E8809DC278C7663001297A0 /* PBXTargetDependency */ = {
			isa = PBXTargetDependency;
			target = 6E8809B6278C7661001297A0 /* lousApp */;
			targetProxy = 6E8809DB278C7663001297A0 /* PBXContainerItemProxy */;
		};
/* End PBXTargetDependency section */

/* Begin PBXVariantGroup section */
		6E8809C0278C7661001297A0 /* Main.storyboard */ = {
			isa = PBXVariantGroup;
			children = (
				6E8809C1278C7661001297A0 /* Base */,
			);
			name = Main.storyboard;
			sourceTree = "<group>";
		};
		6E8809C8278C7663001297A0 /* LaunchScreen.storyboard */ = {
			isa = PBXVariantGroup;
			children = (
				6E8809C9278C7663001297A0 /* Base */,
			);
			name = LaunchScreen.storyboard;
			sourceTree = "<group>";
		};
/* End PBXVariantGroup section */

/* Begin XCBuildConfiguration section */
		6E8809E2278C7663001297A0 /* Debug */ = {
			isa = XCBuildConfiguration;
			buildSettings = {
				ALWAYS_SEARCH_USER_PATHS = NO;
				CLANG_ANALYZER_NONNULL = YES;
				CLANG_ANALYZER_NUMBER_OBJECT_CONVERSION = YES_AGGRESSIVE;
				CLANG_CXX_LANGUAGE_STANDARD = "gnu++17";
				CLANG_CXX_LIBRARY = "libc++";
				CLANG_ENABLE_MODULES = YES;
				CLANG_ENABLE_OBJC_ARC = YES;
				CLANG_ENABLE_OBJC_WEAK = YES;
				CLANG_WARN_BLOCK_CAPTURE_AUTORELEASING = YES;
				CLANG_WARN_BOOL_CONVERSION = YES;
				CLANG_WARN_COMMA = YES;
				CLANG_WARN_CONSTANT_CONVERSION = YES;
				CLANG_WARN_DEPRECATED_OBJC_IMPLEMENTATIONS = YES;
				CLANG_WARN_DIRECT_OBJC_ISA_USAGE = YES_ERROR;
				CLANG_WARN_DOCUMENTATION_COMMENTS = YES;
				CLANG_WARN_EMPTY_BODY = YES;
				CLANG_WARN_ENUM_CONVERSION = YES;
				CLANG_WARN_INFINITE_RECURSION = YES;
				CLANG_WARN_INT_CONVERSION = YES;
				CLANG_WARN_NON_LITERAL_NULL_CONVERSION = YES;
				CLANG_WARN_OBJC_IMPLICIT_RETAIN_SELF = YES;
				CLANG_WARN_OBJC_LITERAL_CONVERSION = YES;
				CLANG_WARN_OBJC_ROOT_CLASS = YES_ERROR;
				CLANG_WARN_QUOTED_INCLUDE_IN_FRAMEWORK_HEADER = YES;
				CLANG_WARN_RANGE_LOOP_ANALYSIS = YES;
				CLANG_WARN_STRICT_PROTOTYPES = YES;
				CLANG_WARN_SUSPICIOUS_MOVE = YES;
				CLANG_WARN_UNGUARDED_AVAILABILITY = YES_AGGRESSIVE;
				CLANG_WARN_UNREACHABLE_CODE = YES;
				CLANG_WARN__DUPLICATE_METHOD_MATCH = YES;
				COPY_PHASE_STRIP = NO;
				DEBUG_INFORMATION_FORMAT = dwarf;
				ENABLE_STRICT_OBJC_MSGSEND = YES;
				ENABLE_TESTABILITY = YES;
				GCC_C_LANGUAGE_STANDARD = gnu11;
				GCC_DYNAMIC_NO_PIC = NO;
				GCC_NO_COMMON_BLOCKS = YES;
				GCC_OPTIMIZATION_LEVEL = 0;
				GCC_PREPROCESSOR_DEFINITIONS = (
					"DEBUG=1",
					"$(inherited)",
				);
				GCC_WARN_64_TO_32_BIT_CONVERSION = YES;
				GCC_WARN_ABOUT_RETURN_TYPE = YES_ERROR;
				GCC_WARN_UNDECLARED_SELECTOR = YES;
				GCC_WARN_UNINITIALIZED_AUTOS = YES_AGGRESSIVE;
				GCC_WARN_UNUSED_FUNCTION = YES;
				GCC_WARN_UNUSED_VARIABLE = YES;
				IPHONEOS_DEPLOYMENT_TARGET = 15.0;
				MTL_ENABLE_DEBUG_INFO = INCLUDE_SOURCE;
				MTL_FAST_MATH = YES;
				ONLY_ACTIVE_ARCH = YES;
				SDKROOT = iphoneos;
				SWIFT_ACTIVE_COMPILATION_CONDITIONS = DEBUG;
				SWIFT_OPTIMIZATION_LEVEL = "-Onone";
			};
			name = Debug;
		};
		6E8809E3278C7663001297A0 /* Release */ = {
			isa = XCBuildConfiguration;
			buildSettings = {
				ALWAYS_SEARCH_USER_PATHS = NO;
				CLANG_ANALYZER_NONNULL = YES;
				CLANG_ANALYZER_NUMBER_OBJECT_CONVERSION = YES_AGGRESSIVE;
				CLANG_CXX_LANGUAGE_STANDARD = "gnu++17";
				CLANG_CXX_LIBRARY = "libc++";
				CLANG_ENABLE_MODULES = YES;
				CLANG_ENABLE_OBJC_ARC = YES;
				CLANG_ENABLE_OBJC_WEAK = YES;
				CLANG_WARN_BLOCK_CAPTURE_AUTORELEASING = YES;
				CLANG_WARN_BOOL_CONVERSION = YES;
				CLANG_WARN_COMMA = YES;
				CLANG_WARN_CONSTANT_CONVERSION = YES;
				CLANG_WARN_DEPRECATED_OBJC_IMPLEMENTATIONS = YES;
				CLANG_WARN_DIRECT_OBJC_ISA_USAGE = YES_ERROR;
				CLANG_WARN_DOCUMENTATION_COMMENTS = YES;
				CLANG_WARN_EMPTY_BODY = YES;
				CLANG_WARN_ENUM_CONVERSION = YES;
				CLANG_WARN_INFINITE_RECURSION = YES;
				CLANG_WARN_INT_CONVERSION = YES;
				CLANG_WARN_NON_LITERAL_NULL_CONVERSION = YES;
				CLANG_WARN_OBJC_IMPLICIT_RETAIN_SELF = YES;
				CLANG_WARN_OBJC_LITERAL_CONVERSION = YES;
				CLANG_WARN_OBJC_ROOT_CLASS = YES_ERROR;
				CLANG_WARN_QUOTED_INCLUDE_IN_FRAMEWORK_HEADER = YES;
				CLANG_WARN_RANGE_LOOP_ANALYSIS = YES;
				CLANG_WARN_STRICT_PROTOTYPES = YES;
				CLANG_WARN_SUSPICIOUS_MOVE = YES;
				CLANG_WARN_UNGUARDED_AVAILABILITY = YES_AGGRESSIVE;
				CLANG_WARN_UNREACHABLE_CODE = YES;
				CLANG_WARN__DUPLICATE_METHOD_MATCH = YES;
				COPY_PHASE_STRIP = NO;
				DEBUG_INFORMATION_FORMAT = "dwarf-with-dsym";
				ENABLE_NS_ASSERTIONS = NO;
				ENABLE_STRICT_OBJC_MSGSEND = YES;
				GCC_C_LANGUAGE_STANDARD = gnu11;
				GCC_NO_COMMON_BLOCKS = YES;
				GCC_WARN_64_TO_32_BIT_CONVERSION = YES;
				GCC_WARN_ABOUT_RETURN_TYPE = YES_ERROR;
				GCC_WARN_UNDECLARED_SELECTOR = YES;
				GCC_WARN_UNINITIALIZED_AUTOS = YES_AGGRESSIVE;
				GCC_WARN_UNUSED_FUNCTION = YES;
				GCC_WARN_UNUSED_VARIABLE = YES;
				IPHONEOS_DEPLOYMENT_TARGET = 15.0;
				MTL_ENABLE_DEBUG_INFO = NO;
				MTL_FAST_MATH = YES;
				SDKROOT = iphoneos;
				SWIFT_COMPILATION_MODE = wholemodule;
				SWIFT_OPTIMIZATION_LEVEL = "-O";
				VALIDATE_PRODUCT = YES;
			};
			name = Release;
		};
		6E8809E5278C7663001297A0 /* Debug */ = {
			isa = XCBuildConfiguration;
			buildSettings = {
				ASSETCATALOG_COMPILER_APPICON_NAME = AppIcon;
				ASSETCATALOG_COMPILER_GLOBAL_ACCENT_COLOR_NAME = AccentColor;
				CODE_SIGN_STYLE = Automatic;
				CURRENT_PROJECT_VERSION = 1;
				GENERATE_INFOPLIST_FILE = YES;
				INFOPLIST_FILE = lousApp/Info.plist;
				INFOPLIST_KEY_UIApplicationSupportsIndirectInputEvents = YES;
				INFOPLIST_KEY_UILaunchStoryboardName = LaunchScreen;
				INFOPLIST_KEY_UIMainStoryboardFile = Main;
				INFOPLIST_KEY_UISupportedInterfaceOrientations_iPad = "UIInterfaceOrientationPortrait UIInterfaceOrientationPortraitUpsideDown UIInterfaceOrientationLandscapeLeft UIInterfaceOrientationLandscapeRight";
				INFOPLIST_KEY_UISupportedInterfaceOrientations_iPhone = "UIInterfaceOrientationPortrait UIInterfaceOrientationLandscapeLeft UIInterfaceOrientationLandscapeRight";
				LD_RUNPATH_SEARCH_PATHS = (
					"$(inherited)",
					"@executable_path/Frameworks",
				);
				MARKETING_VERSION = 1.0;
				PRODUCT_BUNDLE_IDENTIFIER = CLC.lousApp;
				PRODUCT_NAME = "$(TARGET_NAME)";
				SWIFT_EMIT_LOC_STRINGS = YES;
				SWIFT_VERSION = 5.0;
				TARGETED_DEVICE_FAMILY = "1,2";
			};
			name = Debug;
		};
		6E8809E6278C7663001297A0 /* Release */ = {
			isa = XCBuildConfiguration;
			buildSettings = {
				ASSETCATALOG_COMPILER_APPICON_NAME = AppIcon;
				ASSETCATALOG_COMPILER_GLOBAL_ACCENT_COLOR_NAME = AccentColor;
				CODE_SIGN_STYLE = Automatic;
				CURRENT_PROJECT_VERSION = 1;
				GENERATE_INFOPLIST_FILE = YES;
				INFOPLIST_FILE = lousApp/Info.plist;
				INFOPLIST_KEY_UIApplicationSupportsIndirectInputEvents = YES;
				INFOPLIST_KEY_UILaunchStoryboardName = LaunchScreen;
				INFOPLIST_KEY_UIMainStoryboardFile = Main;
				INFOPLIST_KEY_UISupportedInterfaceOrientations_iPad = "UIInterfaceOrientationPortrait UIInterfaceOrientationPortraitUpsideDown UIInterfaceOrientationLandscapeLeft UIInterfaceOrientationLandscapeRight";
				INFOPLIST_KEY_UISupportedInterfaceOrientations_iPhone = "UIInterfaceOrientationPortrait UIInterfaceOrientationLandscapeLeft UIInterfaceOrientationLandscapeRight";
				LD_RUNPATH_SEARCH_PATHS = (
					"$(inherited)",
					"@executable_path/Frameworks",
				);
				MARKETING_VERSION = 1.0;
				PRODUCT_BUNDLE_IDENTIFIER = CLC.lousApp;
				PRODUCT_NAME = "$(TARGET_NAME)";
				SWIFT_EMIT_LOC_STRINGS = YES;
				SWIFT_VERSION = 5.0;
				TARGETED_DEVICE_FAMILY = "1,2";
			};
			name = Release;
		};
		6E8809E8278C7663001297A0 /* Debug */ = {
			isa = XCBuildConfiguration;
			buildSettings = {
				ALWAYS_EMBED_SWIFT_STANDARD_LIBRARIES = YES;
				BUNDLE_LOADER = "$(TEST_HOST)";
				CODE_SIGN_STYLE = Automatic;
				CURRENT_PROJECT_VERSION = 1;
				GENERATE_INFOPLIST_FILE = YES;
				IPHONEOS_DEPLOYMENT_TARGET = 15.0;
				LD_RUNPATH_SEARCH_PATHS = (
					"$(inherited)",
					"@executable_path/Frameworks",
					"@loader_path/Frameworks",
				);
				MARKETING_VERSION = 1.0;
				PRODUCT_BUNDLE_IDENTIFIER = CLC.lousAppTests;
				PRODUCT_NAME = "$(TARGET_NAME)";
				SWIFT_EMIT_LOC_STRINGS = NO;
				SWIFT_VERSION = 5.0;
				TARGETED_DEVICE_FAMILY = "1,2";
				TEST_HOST = "$(BUILT_PRODUCTS_DIR)/lousApp.app/lousApp";
			};
			name = Debug;
		};
		6E8809E9278C7663001297A0 /* Release */ = {
			isa = XCBuildConfiguration;
			buildSettings = {
				ALWAYS_EMBED_SWIFT_STANDARD_LIBRARIES = YES;
				BUNDLE_LOADER = "$(TEST_HOST)";
				CODE_SIGN_STYLE = Automatic;
				CURRENT_PROJECT_VERSION = 1;
				GENERATE_INFOPLIST_FILE = YES;
				IPHONEOS_DEPLOYMENT_TARGET = 15.0;
				LD_RUNPATH_SEARCH_PATHS = (
					"$(inherited)",
					"@executable_path/Frameworks",
					"@loader_path/Frameworks",
				);
				MARKETING_VERSION = 1.0;
				PRODUCT_BUNDLE_IDENTIFIER = CLC.lousAppTests;
				PRODUCT_NAME = "$(TARGET_NAME)";
				SWIFT_EMIT_LOC_STRINGS = NO;
				SWIFT_VERSION = 5.0;
				TARGETED_DEVICE_FAMILY = "1,2";
				TEST_HOST = "$(BUILT_PRODUCTS_DIR)/lousApp.app/lousApp";
			};
			name = Release;
		};
		6E8809EB278C7663001297A0 /* Debug */ = {
			isa = XCBuildConfiguration;
			buildSettings = {
				ALWAYS_EMBED_SWIFT_STANDARD_LIBRARIES = YES;
				CODE_SIGN_STYLE = Automatic;
				CURRENT_PROJECT_VERSION = 1;
				GENERATE_INFOPLIST_FILE = YES;
				LD_RUNPATH_SEARCH_PATHS = (
					"$(inherited)",
					"@executable_path/Frameworks",
					"@loader_path/Frameworks",
				);
				MARKETING_VERSION = 1.0;
				PRODUCT_BUNDLE_IDENTIFIER = CLC.lousAppUITests;
				PRODUCT_NAME = "$(TARGET_NAME)";
				SWIFT_EMIT_LOC_STRINGS = NO;
				SWIFT_VERSION = 5.0;
				TARGETED_DEVICE_FAMILY = "1,2";
				TEST_TARGET_NAME = lousApp;
			};
			name = Debug;
		};
		6E8809EC278C7663001297A0 /* Release */ = {
			isa = XCBuildConfiguration;
			buildSettings = {
				ALWAYS_EMBED_SWIFT_STANDARD_LIBRARIES = YES;
				CODE_SIGN_STYLE = Automatic;
				CURRENT_PROJECT_VERSION = 1;
				GENERATE_INFOPLIST_FILE = YES;
				LD_RUNPATH_SEARCH_PATHS = (
					"$(inherited)",
					"@executable_path/Frameworks",
					"@loader_path/Frameworks",
				);
				MARKETING_VERSION = 1.0;
				PRODUCT_BUNDLE_IDENTIFIER = CLC.lousAppUITests;
				PRODUCT_NAME = "$(TARGET_NAME)";
				SWIFT_EMIT_LOC_STRINGS = NO;
				SWIFT_VERSION = 5.0;
				TARGETED_DEVICE_FAMILY = "1,2";
				TEST_TARGET_NAME = lousApp;
			};
			name = Release;
		};
/* End XCBuildConfiguration section */

/* Begin XCConfigurationList section */
		6E8809B2278C7661001297A0 /* Build configuration list for PBXProject "lousApp" */ = {
			isa = XCConfigurationList;
			buildConfigurations = (
				6E8809E2278C7663001297A0 /* Debug */,
				6E8809E3278C7663001297A0 /* Release */,
			);
			defaultConfigurationIsVisible = 0;
			defaultConfigurationName = Release;
		};
		6E8809E4278C7663001297A0 /* Build configuration list for PBXNativeTarget "lousApp" */ = {
			isa = XCConfigurationList;
			buildConfigurations = (
				6E8809E5278C7663001297A0 /* Debug */,
				6E8809E6278C7663001297A0 /* Release */,
			);
			defaultConfigurationIsVisible = 0;
			defaultConfigurationName = Release;
		};
		6E8809E7278C7663001297A0 /* Build configuration list for PBXNativeTarget "lousAppTests" */ = {
			isa = XCConfigurationList;
			buildConfigurations = (
				6E8809E8278C7663001297A0 /* Debug */,
				6E8809E9278C7663001297A0 /* Release */,
			);
			defaultConfigurationIsVisible = 0;
			defaultConfigurationName = Release;
		};
		6E8809EA278C7663001297A0 /* Build configuration list for PBXNativeTarget "lousAppUITests" */ = {
			isa = XCConfigurationList;
			buildConfigurations = (
				6E8809EB278C7663001297A0 /* Debug */,
				6E8809EC278C7663001297A0 /* Release */,
			);
			defaultConfigurationIsVisible = 0;
			defaultConfigurationName = Release;
		};
/* End XCConfigurationList section */

/* Begin XCVersionGroup section */
		6E8809C3278C7661001297A0 /* lousApp.xcdatamodeld */ = {
			isa = XCVersionGroup;
			children = (
				6E8809C4278C7661001297A0 /* lousApp.xcdatamodel */,
			);
			currentVersion = 6E8809C4278C7661001297A0 /* lousApp.xcdatamodel */;
			path = lousApp.xcdatamodeld;
			sourceTree = "<group>";
			versionGroupType = wrapper.xcdatamodel;
		};
/* End XCVersionGroup section */
	};
	rootObject = 6E8809AF278C7661001297A0 /* Project object */;
}
